
Microsoft Visual Studio Solution File, Format Version 12.00
# Visual Studio Version 16
VisualStudioVersion = 16.0.810.11
MinimumVisualStudioVersion = 10.0.40219.1
Project("{FAE04EC0-301F-11D3-BF4B-00C04F79EFBC}") = "AdventOfCode2021", "AdventOfCode2021\AdventOfCode2021.csproj", "{44C8C9A5-9D8A-4104-B600-042AC844306C}"
EndProject
Global
	GlobalSection(SolutionConfigurationPlatforms) = preSolution
		Debug|anycpu = Debug|anycpu
		Release|anycpu = Release|anycpu
	EndGlobalSection
	GlobalSection(ProjectConfigurationPlatforms) = postSolution
		{44C8C9A5-9D8A-4104-B600-042AC844306C}.Debug|anycpu.ActiveCfg = Debug|anycpu
		{44C8C9A5-9D8A-4104-B600-042AC844306C}.Debug|anycpu.Build.0 = Debug|anycpu
		{44C8C9A5-9D8A-4104-B600-042AC844306C}.Release|anycpu.ActiveCfg = Release|anycpu
		{44C8C9A5-9D8A-4104-B600-042AC844306C}.Release|anycpu.Build.0 = Release|anycpu
	EndGlobalSection
	GlobalSection(SolutionProperties) = preSolution
		HideSolutionNode = FALSE
	EndGlobalSection
	GlobalSection(ExtensibilityGlobals) = postSolution
		SolutionGuid = {68EB4921-C850-4C82-AFFA-2C405E0E20B3}
	EndGlobalSection
EndGlobal
